
Microsoft Visual Studio Solution File, Format Version 12.00
# Visual Studio 15
VisualStudioVersion = 15.0.28307.1062
MinimumVisualStudioVersion = 10.0.40219.1
Project("{9A19103F-16F7-4668-BE54-9A1E7A4F7556}") = "ForJenkins", "ForJenkins\ForJenkins.csproj", "{9B3C4492-A86D-493C-A381-01368B8C2979}"
EndProject
Global
	GlobalSection(SolutionConfigurationPlatforms) = preSolution
		Debug|Any CPU = Debug|Any CPU
		Release|Any CPU = Release|Any CPU
	EndGlobalSection
	GlobalSection(ProjectConfigurationPlatforms) = postSolution
		{9B3C4492-A86D-493C-A381-01368B8C2979}.Debug|Any CPU.ActiveCfg = Debug|Any CPU
		{9B3C4492-A86D-493C-A381-01368B8C2979}.Debug|Any CPU.Build.0 = Debug|Any CPU
		{9B3C4492-A86D-493C-A381-01368B8C2979}.Release|Any CPU.ActiveCfg = Release|Any CPU
		{9B3C4492-A86D-493C-A381-01368B8C2979}.Release|Any CPU.Build.0 = Release|Any CPU
	EndGlobalSection
	GlobalSection(SolutionProperties) = preSolution
		HideSolutionNode = FALSE
	EndGlobalSection
	GlobalSection(ExtensibilityGlobals) = postSolution
		SolutionGuid = {38FF3334-2612-49EE-AF46-5E681B7952AB}
	EndGlobalSection
EndGlobal
